{
  "originHash" : "e843284a09b9d7fb8d0032fe1a3fd1fbd38f28ea54d42a39ccbe396af16d225d",
  "pins" : [
    {
      "identity" : "swift-argument-parser",
      "kind" : "remoteSourceControl",
      "location" : "https://github.com/apple/swift-argument-parser.git",
      "state" : {
        "revision" : "6a52f3251125d74daf04fcbd5e6f08a75d074382",
        "version" : "1.8.2"
      }
    },
    {
      "identity" : "whisperkit",
      "kind" : "remoteSourceControl",
      "location" : "https://github.com/argmaxinc/WhisperKit",
      "state" : {
        "revision" : "1bbc57cb7fe6410248a685b1c5a3c6d56adc2ed4",
        "version" : "1.1.1"
      }
    }
  ],
  "version" : 3
}
