// !$*UTF8*$!
{
	archiveVersion = 1;
	classes = {
	};
	objectVersion = 77;
	objects = {

/* Begin PBXBuildFile section */
		A1000000000000000000F104 /* YumiProtocol.swift in Sources */ = {isa = PBXBuildFile; fileRef = A1000000000000000000F004 /* YumiProtocol.swift */; };
		A1000000000000000000F105 /* YumiProtocol.framework in Frameworks */ = {isa = PBXBuildFile; fileRef = A1000000000000000000F005 /* YumiProtocol.framework */; };
		A1000000000000000000F106 /* YumiProtocol.framework in Embed Frameworks */ = {isa = PBXBuildFile; fileRef = A1000000000000000000F005 /* YumiProtocol.framework */; settings = {ATTRIBUTES = (CodeSignOnCopy, RemoveHeadersOnCopy, ); }; };
		A1000000000000000000F107 /* YumiProtocol.framework in Frameworks */ = {isa = PBXBuildFile; fileRef = A1000000000000000000F005 /* YumiProtocol.framework */; };
/* End PBXBuildFile section */

/* Begin PBXContainerItemProxy section */
		A1000000000000000000C001 /* PBXContainerItemProxy */ = {
			isa = PBXContainerItemProxy;
			containerPortal = A10000000000000000000001 /* Project object */;
			proxyType = 1;
			remoteGlobalIDString = A1000000000000000000A001;
			remoteInfo = Yumi;
		};
		A1000000000000000000C003 /* PBXContainerItemProxy */ = {
			isa = PBXContainerItemProxy;
			containerPortal = A10000000000000000000001 /* Project object */;
			proxyType = 1;
			remoteGlobalIDString = A1000000000000000000A003;
			remoteInfo = YumiProtocol;
		};
/* End PBXContainerItemProxy section */

/* Begin PBXCopyFilesBuildPhase section */
		A1000000000000000000B004 /* Embed Frameworks */ = {
			isa = PBXCopyFilesBuildPhase;
			buildActionMask = 2147483647;
			dstPath = "";
			dstSubfolderSpec = 10;
			files = (
				A1000000000000000000F106 /* YumiProtocol.framework in Embed Frameworks */,
			);
			name = "Embed Frameworks";
			runOnlyForDeploymentPostprocessing = 0;
		};
/* End PBXCopyFilesBuildPhase section */

/* Begin PBXFileReference section */
		A1000000000000000000F001 /* Yumi.app */ = {isa = PBXFileReference; explicitFileType = wrapper.application; includeInIndex = 0; path = Yumi.app; sourceTree = BUILT_PRODUCTS_DIR; };
		A1000000000000000000F002 /* YumiTests.xctest */ = {isa = PBXFileReference; explicitFileType = wrapper.cfbundle; includeInIndex = 0; path = YumiTests.xctest; sourceTree = BUILT_PRODUCTS_DIR; };
		A1000000000000000000F003 /* Yumi.entitlements */ = {isa = PBXFileReference; lastKnownFileType = text.plist.entitlements; path = Yumi.entitlements; sourceTree = "<group>"; };
		A1000000000000000000F004 /* YumiProtocol.swift */ = {isa = PBXFileReference; lastKnownFileType = sourcecode.swift; name = YumiProtocol.swift; path = ../protocol/generated/swift/YumiProtocol.swift; sourceTree = SOURCE_ROOT; };
		A1000000000000000000F005 /* YumiProtocol.framework */ = {isa = PBXFileReference; explicitFileType = wrapper.framework; includeInIndex = 0; path = YumiProtocol.framework; sourceTree = BUILT_PRODUCTS_DIR; };
/* End PBXFileReference section */

/* Begin PBXFileSystemSynchronizedRootGroup section */
		A1000000000000000000D001 /* Yumi */ = {
			isa = PBXFileSystemSynchronizedRootGroup;
			path = Yumi;
			sourceTree = "<group>";
		};
		A1000000000000000000D002 /* YumiTests */ = {
			isa = PBXFileSystemSynchronizedRootGroup;
			path = YumiTests;
			sourceTree = "<group>";
		};
/* End PBXFileSystemSynchronizedRootGroup section */

/* Begin PBXFrameworksBuildPhase section */
		A1000000000000000000B001 /* Frameworks */ = {
			isa = PBXFrameworksBuildPhase;
			buildActionMask = 2147483647;
			files = (
				A1000000000000000000F105 /* YumiProtocol.framework in Frameworks */,
			);
			runOnlyForDeploymentPostprocessing = 0;
		};
		A1000000000000000000B011 /* Frameworks */ = {
			isa = PBXFrameworksBuildPhase;
			buildActionMask = 2147483647;
			files = (
				A1000000000000000000F107 /* YumiProtocol.framework in Frameworks */,
			);
			runOnlyForDeploymentPostprocessing = 0;
		};
		A1000000000000000000B021 /* Frameworks */ = {
			isa = PBXFrameworksBuildPhase;
			buildActionMask = 2147483647;
			files = (
			);
			runOnlyForDeploymentPostprocessing = 0;
		};
/* End PBXFrameworksBuildPhase section */

/* Begin PBXGroup section */
		A10000000000000000000002 = {
			isa = PBXGroup;
			children = (
				A1000000000000000000F003 /* Yumi.entitlements */,
				A10000000000000000000004 /* Protocol (generated) */,
				A1000000000000000000D001 /* Yumi */,
				A1000000000000000000D002 /* YumiTests */,
				A10000000000000000000003 /* Products */,
			);
			sourceTree = "<group>";
		};
		A10000000000000000000004 /* Protocol (generated) */ = {
			isa = PBXGroup;
			children = (
				A1000000000000000000F004 /* YumiProtocol.swift */,
			);
			name = "Protocol (generated)";
			sourceTree = "<group>";
		};
		A10000000000000000000003 /* Products */ = {
			isa = PBXGroup;
			children = (
				A1000000000000000000F001 /* Yumi.app */,
				A1000000000000000000F002 /* YumiTests.xctest */,
				A1000000000000000000F005 /* YumiProtocol.framework */,
			);
			name = Products;
			sourceTree = "<group>";
		};
/* End PBXGroup section */

/* Begin PBXNativeTarget section */
		A1000000000000000000A001 /* Yumi */ = {
			isa = PBXNativeTarget;
			buildConfigurationList = A1000000000000000000E011 /* Build configuration list for PBXNativeTarget "Yumi" */;
			buildPhases = (
				A1000000000000000000B002 /* Sources */,
				A1000000000000000000B001 /* Frameworks */,
				A1000000000000000000B003 /* Resources */,
				A1000000000000000000B004 /* Embed Frameworks */,
			);
			buildRules = (
			);
			dependencies = (
				A1000000000000000000C004 /* PBXTargetDependency */,
			);
			fileSystemSynchronizedGroups = (
				A1000000000000000000D001 /* Yumi */,
			);
			name = Yumi;
			productName = Yumi;
			productReference = A1000000000000000000F001 /* Yumi.app */;
			productType = "com.apple.product-type.application";
		};
		A1000000000000000000A002 /* YumiTests */ = {
			isa = PBXNativeTarget;
			buildConfigurationList = A1000000000000000000E021 /* Build configuration list for PBXNativeTarget "YumiTests" */;
			buildPhases = (
				A1000000000000000000B012 /* Sources */,
				A1000000000000000000B011 /* Frameworks */,
				A1000000000000000000B013 /* Resources */,
			);
			buildRules = (
			);
			dependencies = (
				A1000000000000000000C002 /* PBXTargetDependency */,
			);
			fileSystemSynchronizedGroups = (
				A1000000000000000000D002 /* YumiTests */,
			);
			name = YumiTests;
			productName = YumiTests;
			productReference = A1000000000000000000F002 /* YumiTests.xctest */;
			productType = "com.apple.product-type.bundle.unit-test";
		};
		A1000000000000000000A003 /* YumiProtocol */ = {
			isa = PBXNativeTarget;
			buildConfigurationList = A1000000000000000000E031 /* Build configuration list for PBXNativeTarget "YumiProtocol" */;
			buildPhases = (
				A1000000000000000000B022 /* Sources */,
				A1000000000000000000B021 /* Frameworks */,
			);
			buildRules = (
			);
			dependencies = (
			);
			name = YumiProtocol;
			productName = YumiProtocol;
			productReference = A1000000000000000000F005 /* YumiProtocol.framework */;
			productType = "com.apple.product-type.framework";
		};
/* End PBXNativeTarget section */

/* Begin PBXProject section */
		A10000000000000000000001 /* Project object */ = {
			isa = PBXProject;
			attributes = {
				BuildIndependentTargetsInParallel = 1;
				LastSwiftUpdateCheck = 2640;
				LastUpgradeCheck = 2640;
				TargetAttributes = {
					A1000000000000000000A001 = {
						CreatedOnToolsVersion = 26.4;
					};
					A1000000000000000000A003 = {
						CreatedOnToolsVersion = 26.4;
					};
					A1000000000000000000A002 = {
						CreatedOnToolsVersion = 26.4;
						TestTargetID = A1000000000000000000A001;
					};
				};
			};
			buildConfigurationList = A1000000000000000000E001 /* Build configuration list for PBXProject "Yumi" */;
			developmentRegion = en;
			hasScannedForEncodings = 0;
			knownRegions = (
				en,
				Base,
			);
			mainGroup = A10000000000000000000002;
			minimizedProjectReferenceProxies = 1;
			preferredProjectObjectVersion = 77;
			productRefGroup = A10000000000000000000003 /* Products */;
			projectDirPath = "";
			projectRoot = "";
			targets = (
				A1000000000000000000A001 /* Yumi */,
				A1000000000000000000A002 /* YumiTests */,
				A1000000000000000000A003 /* YumiProtocol */,
			);
		};
/* End PBXProject section */

/* Begin PBXResourcesBuildPhase section */
		A1000000000000000000B003 /* Resources */ = {
			isa = PBXResourcesBuildPhase;
			buildActionMask = 2147483647;
			files = (
			);
			runOnlyForDeploymentPostprocessing = 0;
		};
		A1000000000000000000B013 /* Resources */ = {
			isa = PBXResourcesBuildPhase;
			buildActionMask = 2147483647;
			files = (
			);
			runOnlyForDeploymentPostprocessing = 0;
		};
/* End PBXResourcesBuildPhase section */

/* Begin PBXSourcesBuildPhase section */
		A1000000000000000000B002 /* Sources */ = {
			isa = PBXSourcesBuildPhase;
			buildActionMask = 2147483647;
			files = (
			);
			runOnlyForDeploymentPostprocessing = 0;
		};
		A1000000000000000000B012 /* Sources */ = {
			isa = PBXSourcesBuildPhase;
			buildActionMask = 2147483647;
			files = (
			);
			runOnlyForDeploymentPostprocessing = 0;
		};
		A1000000000000000000B022 /* Sources */ = {
			isa = PBXSourcesBuildPhase;
			buildActionMask = 2147483647;
			files = (
				A1000000000000000000F104 /* YumiProtocol.swift in Sources */,
			);
			runOnlyForDeploymentPostprocessing = 0;
		};
/* End PBXSourcesBuildPhase section */

/* Begin PBXTargetDependency section */
		A1000000000000000000C002 /* PBXTargetDependency */ = {
			isa = PBXTargetDependency;
			target = A1000000000000000000A001 /* Yumi */;
			targetProxy = A1000000000000000000C001 /* PBXContainerItemProxy */;
		};
		A1000000000000000000C004 /* PBXTargetDependency */ = {
			isa = PBXTargetDependency;
			target = A1000000000000000000A003 /* YumiProtocol */;
			targetProxy = A1000000000000000000C003 /* PBXContainerItemProxy */;
		};
/* End PBXTargetDependency section */

/* Begin XCBuildConfiguration section */
		A1000000000000000000E002 /* Debug */ = {
			isa = XCBuildConfiguration;
			buildSettings = {
				ALWAYS_SEARCH_USER_PATHS = NO;
				ASSETCATALOG_COMPILER_GENERATE_SWIFT_ASSET_SYMBOL_EXTENSIONS = YES;
				CLANG_ENABLE_MODULES = YES;
				CLANG_ENABLE_OBJC_ARC = YES;
				COPY_PHASE_STRIP = NO;
				DEBUG_INFORMATION_FORMAT = dwarf;
				ENABLE_STRICT_OBJC_MSGSEND = YES;
				ENABLE_TESTABILITY = YES;
				ENABLE_USER_SCRIPT_SANDBOXING = YES;
				GCC_OPTIMIZATION_LEVEL = 0;
				GCC_PREPROCESSOR_DEFINITIONS = (
					"DEBUG=1",
					"$(inherited)",
				);
				MACOSX_DEPLOYMENT_TARGET = 15.0;
				MTL_ENABLE_DEBUG_INFO = INCLUDE_SOURCE;
				ONLY_ACTIVE_ARCH = YES;
				SDKROOT = macosx;
				SWIFT_ACTIVE_COMPILATION_CONDITIONS = "DEBUG $(inherited)";
				SWIFT_OPTIMIZATION_LEVEL = "-Onone";
				SWIFT_VERSION = 6.0;
			};
			name = Debug;
		};
		A1000000000000000000E003 /* Release */ = {
			isa = XCBuildConfiguration;
			buildSettings = {
				ALWAYS_SEARCH_USER_PATHS = NO;
				ASSETCATALOG_COMPILER_GENERATE_SWIFT_ASSET_SYMBOL_EXTENSIONS = YES;
				CLANG_ENABLE_MODULES = YES;
				CLANG_ENABLE_OBJC_ARC = YES;
				COPY_PHASE_STRIP = NO;
				DEBUG_INFORMATION_FORMAT = "dwarf-with-dsym";
				ENABLE_NS_ASSERTIONS = NO;
				ENABLE_STRICT_OBJC_MSGSEND = YES;
				ENABLE_USER_SCRIPT_SANDBOXING = YES;
				MACOSX_DEPLOYMENT_TARGET = 15.0;
				MTL_ENABLE_DEBUG_INFO = NO;
				SDKROOT = macosx;
				SWIFT_COMPILATION_MODE = wholemodule;
				SWIFT_VERSION = 6.0;
			};
			name = Release;
		};
		A1000000000000000000E012 /* Debug */ = {
			isa = XCBuildConfiguration;
			buildSettings = {
				CODE_SIGN_ENTITLEMENTS = Yumi.entitlements;
				CODE_SIGN_IDENTITY = "-";
				CODE_SIGN_STYLE = Manual;
				COMBINE_HIDPI_IMAGES = YES;
				CURRENT_PROJECT_VERSION = 1;
				ENABLE_APP_SANDBOX = NO;
				ENABLE_HARDENED_RUNTIME = YES;
				GENERATE_INFOPLIST_FILE = YES;
				INFOPLIST_KEY_CFBundleDisplayName = Yumi;
				INFOPLIST_KEY_LSApplicationCategoryType = "public.app-category.productivity";
				INFOPLIST_KEY_LSUIElement = YES;
				INFOPLIST_KEY_NSHumanReadableCopyright = "";
				INFOPLIST_KEY_NSMicrophoneUsageDescription = "Yumi uses the microphone so it can hear you.";
				LD_RUNPATH_SEARCH_PATHS = (
					"$(inherited)",
					"@executable_path/../Frameworks",
				);
				MARKETING_VERSION = 0.1.0;
				PRODUCT_BUNDLE_IDENTIFIER = ph.appbuilders.yumi;
				PRODUCT_NAME = "$(TARGET_NAME)";
				SWIFT_DEFAULT_ACTOR_ISOLATION = MainActor;
				SWIFT_EMIT_LOC_STRINGS = YES;
			};
			name = Debug;
		};
		A1000000000000000000E013 /* Release */ = {
			isa = XCBuildConfiguration;
			buildSettings = {
				CODE_SIGN_ENTITLEMENTS = Yumi.entitlements;
				CODE_SIGN_IDENTITY = "-";
				CODE_SIGN_STYLE = Manual;
				COMBINE_HIDPI_IMAGES = YES;
				CURRENT_PROJECT_VERSION = 1;
				ENABLE_APP_SANDBOX = NO;
				ENABLE_HARDENED_RUNTIME = YES;
				GENERATE_INFOPLIST_FILE = YES;
				INFOPLIST_KEY_CFBundleDisplayName = Yumi;
				INFOPLIST_KEY_LSApplicationCategoryType = "public.app-category.productivity";
				INFOPLIST_KEY_LSUIElement = YES;
				INFOPLIST_KEY_NSHumanReadableCopyright = "";
				INFOPLIST_KEY_NSMicrophoneUsageDescription = "Yumi uses the microphone so it can hear you.";
				LD_RUNPATH_SEARCH_PATHS = (
					"$(inherited)",
					"@executable_path/../Frameworks",
				);
				MARKETING_VERSION = 0.1.0;
				PRODUCT_BUNDLE_IDENTIFIER = ph.appbuilders.yumi;
				PRODUCT_NAME = "$(TARGET_NAME)";
				SWIFT_DEFAULT_ACTOR_ISOLATION = MainActor;
				SWIFT_EMIT_LOC_STRINGS = YES;
			};
			name = Release;
		};
		A1000000000000000000E022 /* Debug */ = {
			isa = XCBuildConfiguration;
			buildSettings = {
				BUNDLE_LOADER = "$(TEST_HOST)";
				CODE_SIGN_IDENTITY = "-";
				CODE_SIGN_STYLE = Manual;
				CURRENT_PROJECT_VERSION = 1;
				GENERATE_INFOPLIST_FILE = YES;
				MARKETING_VERSION = 0.1.0;
				PRODUCT_BUNDLE_IDENTIFIER = ph.appbuilders.yumi.tests;
				PRODUCT_NAME = "$(TARGET_NAME)";
				SWIFT_DEFAULT_ACTOR_ISOLATION = MainActor;
				TEST_HOST = "$(BUILT_PRODUCTS_DIR)/Yumi.app/Contents/MacOS/Yumi";
			};
			name = Debug;
		};
		A1000000000000000000E023 /* Release */ = {
			isa = XCBuildConfiguration;
			buildSettings = {
				BUNDLE_LOADER = "$(TEST_HOST)";
				CODE_SIGN_IDENTITY = "-";
				CODE_SIGN_STYLE = Manual;
				CURRENT_PROJECT_VERSION = 1;
				GENERATE_INFOPLIST_FILE = YES;
				MARKETING_VERSION = 0.1.0;
				PRODUCT_BUNDLE_IDENTIFIER = ph.appbuilders.yumi.tests;
				PRODUCT_NAME = "$(TARGET_NAME)";
				SWIFT_DEFAULT_ACTOR_ISOLATION = MainActor;
				TEST_HOST = "$(BUILT_PRODUCTS_DIR)/Yumi.app/Contents/MacOS/Yumi";
			};
			name = Release;
		};
		A1000000000000000000E032 /* Debug */ = {
			isa = XCBuildConfiguration;
			buildSettings = {
				CODE_SIGN_IDENTITY = "-";
				CODE_SIGN_STYLE = Manual;
				CURRENT_PROJECT_VERSION = 1;
				DEFINES_MODULE = YES;
				DYLIB_INSTALL_NAME_BASE = "@rpath";
				GENERATE_INFOPLIST_FILE = YES;
				INSTALL_PATH = "$(LOCAL_LIBRARY_DIR)/Frameworks";
				LD_RUNPATH_SEARCH_PATHS = (
					"$(inherited)",
					"@executable_path/../Frameworks",
					"@loader_path/Frameworks",
				);
				MARKETING_VERSION = 0.1.0;
				PRODUCT_BUNDLE_IDENTIFIER = ph.appbuilders.yumi.protocol;
				PRODUCT_NAME = "$(TARGET_NAME)";
				SKIP_INSTALL = YES;
				SWIFT_TREAT_WARNINGS_AS_ERRORS = YES;
			};
			name = Debug;
		};
		A1000000000000000000E033 /* Release */ = {
			isa = XCBuildConfiguration;
			buildSettings = {
				CODE_SIGN_IDENTITY = "-";
				CODE_SIGN_STYLE = Manual;
				CURRENT_PROJECT_VERSION = 1;
				DEFINES_MODULE = YES;
				DYLIB_INSTALL_NAME_BASE = "@rpath";
				GENERATE_INFOPLIST_FILE = YES;
				INSTALL_PATH = "$(LOCAL_LIBRARY_DIR)/Frameworks";
				LD_RUNPATH_SEARCH_PATHS = (
					"$(inherited)",
					"@executable_path/../Frameworks",
					"@loader_path/Frameworks",
				);
				MARKETING_VERSION = 0.1.0;
				PRODUCT_BUNDLE_IDENTIFIER = ph.appbuilders.yumi.protocol;
				PRODUCT_NAME = "$(TARGET_NAME)";
				SKIP_INSTALL = YES;
				SWIFT_TREAT_WARNINGS_AS_ERRORS = YES;
			};
			name = Release;
		};
/* End XCBuildConfiguration section */

/* Begin XCConfigurationList section */
		A1000000000000000000E001 /* Build configuration list for PBXProject "Yumi" */ = {
			isa = XCConfigurationList;
			buildConfigurations = (
				A1000000000000000000E002 /* Debug */,
				A1000000000000000000E003 /* Release */,
			);
			defaultConfigurationIsVisible = 0;
			defaultConfigurationName = Release;
		};
		A1000000000000000000E011 /* Build configuration list for PBXNativeTarget "Yumi" */ = {
			isa = XCConfigurationList;
			buildConfigurations = (
				A1000000000000000000E012 /* Debug */,
				A1000000000000000000E013 /* Release */,
			);
			defaultConfigurationIsVisible = 0;
			defaultConfigurationName = Release;
		};
		A1000000000000000000E021 /* Build configuration list for PBXNativeTarget "YumiTests" */ = {
			isa = XCConfigurationList;
			buildConfigurations = (
				A1000000000000000000E022 /* Debug */,
				A1000000000000000000E023 /* Release */,
			);
			defaultConfigurationIsVisible = 0;
			defaultConfigurationName = Release;
		};
		A1000000000000000000E031 /* Build configuration list for PBXNativeTarget "YumiProtocol" */ = {
			isa = XCConfigurationList;
			buildConfigurations = (
				A1000000000000000000E032 /* Debug */,
				A1000000000000000000E033 /* Release */,
			);
			defaultConfigurationIsVisible = 0;
			defaultConfigurationName = Release;
		};
/* End XCConfigurationList section */
	};
	rootObject = A10000000000000000000001 /* Project object */;
}
